PODS:
  - Capacitor (7.1.0):
    - CapacitorCordova
  - CapacitorBrowser (7.0.0):
    - Capacitor
  - CapacitorCordova (7.1.0)
  - CapacitorMlkitBarcodeScanning (7.1.0):
    - Capacitor
    - GoogleMLKit/BarcodeScanning (= 7.0.0)
  - CapacitorSplashScreen (7.0.0):
    - Capacitor
  - GoogleDataTransport (10.1.0):
    - nanopb (~> 3.30910.0)
    - PromisesObjC (~> 2.4)
  - GoogleMLKit/BarcodeScanning (7.0.0):
    - GoogleMLKit/MLKitCore
    - MLKitBarcodeScanning (~> 6.0.0)
  - GoogleMLKit/MLKitCore (7.0.0):
    - MLKitCommon (~> 12.0.0)
  - GoogleToolboxForMac/Defines (4.2.1)
  - GoogleToolboxForMac/Logger (4.2.1):
    - GoogleToolboxForMac/Defines (= 4.2.1)
  - "GoogleToolboxForMac/NSData+zlib (4.2.1)":
    - GoogleToolboxForMac/Defines (= 4.2.1)
  - GoogleUtilities/Environment (8.0.2):
    - GoogleUtilities/Privacy
  - GoogleUtilities/Logger (8.0.2):
    - GoogleUtilities/Environment
    - GoogleUtilities/Privacy
  - GoogleUtilities/Privacy (8.0.2)
  - GoogleUtilities/UserDefaults (8.0.2):
    - GoogleUtilities/Logger
    - GoogleUtilities/Privacy
  - GTMSessionFetcher/Core (3.5.0)
  - MLImage (1.0.0-beta6)
  - MLKitBarcodeScanning (6.0.0):
    - MLKitCommon (~> 12.0)
    - MLKitVision (~> 8.0)
  - MLKitCommon (12.0.0):
    - GoogleDataTransport (~> 10.0)
    - GoogleToolboxForMac/Logger (< 5.0, >= 4.2.1)
    - "GoogleToolboxForMac/NSData+zlib (< 5.0, >= 4.2.1)"
    - GoogleUtilities/Logger (~> 8.0)
    - GoogleUtilities/UserDefaults (~> 8.0)
    - GTMSessionFetcher/Core (< 4.0, >= 3.3.2)
  - MLKitVision (8.0.0):
    - GoogleToolboxForMac/Logger (< 5.0, >= 4.2.1)
    - "GoogleToolboxForMac/NSData+zlib (< 5.0, >= 4.2.1)"
    - GTMSessionFetcher/Core (< 4.0, >= 3.3.2)
    - MLImage (= 1.0.0-beta6)
    - MLKitCommon (~> 12.0)
  - nanopb (3.30910.0):
    - nanopb/decode (= 3.30910.0)
    - nanopb/encode (= 3.30910.0)
  - nanopb/decode (3.30910.0)
  - nanopb/encode (3.30910.0)
  - PromisesObjC (2.4.0)

DEPENDENCIES:
  - "Capacitor (from `../../node_modules/@capacitor/ios`)"
  - "CapacitorBrowser (from `../../node_modules/@capacitor/browser`)"
  - "CapacitorCordova (from `../../node_modules/@capacitor/ios`)"
  - "CapacitorMlkitBarcodeScanning (from `../../node_modules/@capacitor-mlkit/barcode-scanning`)"
  - "CapacitorSplashScreen (from `../../node_modules/@capacitor/splash-screen`)"

SPEC REPOS:
  trunk:
    - GoogleDataTransport
    - GoogleMLKit
    - GoogleToolboxForMac
    - GoogleUtilities
    - GTMSessionFetcher
    - MLImage
    - MLKitBarcodeScanning
    - MLKitCommon
    - MLKitVision
    - nanopb
    - PromisesObjC

EXTERNAL SOURCES:
  Capacitor:
    :path: "../../node_modules/@capacitor/ios"
  CapacitorBrowser:
    :path: "../../node_modules/@capacitor/browser"
  CapacitorCordova:
    :path: "../../node_modules/@capacitor/ios"
  CapacitorMlkitBarcodeScanning:
    :path: "../../node_modules/@capacitor-mlkit/barcode-scanning"
  CapacitorSplashScreen:
    :path: "../../node_modules/@capacitor/splash-screen"

SPEC CHECKSUMS:
  Capacitor: bceb785fb78f5e81e4a9e37843bc1c24bd9c7194
  CapacitorBrowser: 55c21db47416dcc8fc3b623e18fd7d09acb26081
  CapacitorCordova: 866217f32c1d25b326c568a10ea3ed0c36b13e29
  CapacitorMlkitBarcodeScanning: 8ed3b0c5b015c0f65ecdaf8d99aaa08b4e647693
  CapacitorSplashScreen: 7e7a0a1113833032f196b3af6fa437baccacf5bc
  GoogleDataTransport: aae35b7ea0c09004c3797d53c8c41f66f219d6a7
  GoogleMLKit: eff9e23ec1d90ea4157a1ee2e32a4f610c5b3318
  GoogleToolboxForMac: d1a2cbf009c453f4d6ded37c105e2f67a32206d8
  GoogleUtilities: 26a3abef001b6533cf678d3eb38fd3f614b7872d
  GTMSessionFetcher: 5aea5ba6bd522a239e236100971f10cb71b96ab6
  MLImage: 0ad1c5f50edd027672d8b26b0fee78a8b4a0fc56
  MLKitBarcodeScanning: 0a3064da0a7f49ac24ceb3cb46a5bc67496facd2
  MLKitCommon: 07c2c33ae5640e5380beaaa6e4b9c249a205542d
  MLKitVision: 45e79d68845a2de77e2dd4d7f07947f0ed157b0e
  nanopb: fad817b59e0457d11a5dfbde799381cd727c1275
  PromisesObjC: f5707f49cb48b9636751c5b2e7d227e43fba9f47

PODFILE CHECKSUM: a16a11135e0a5e5924f99f8eab57daeceb1018d9

COCOAPODS: 1.16.2
